// !$*UTF8*$!
{
	archiveVersion = 1;
	classes = {
	};
	objectVersion = 46;
	objects = {

/* Begin PBXBuildFile section */
		14A9B87A1659ADDF00AC946B /* OpenGL.framework in Frameworks */ = {isa = PBXBuildFile; fileRef = 14A9B8791659ADDF00AC946B /* OpenGL.framework */; };
		14A9B87C1659ADE600AC946B /* GLUT.framework in Frameworks */ = {isa = PBXBuildFile; fileRef = 14A9B87B1659ADE600AC946B /* GLUT.framework */; };
		14D095BD1659AEC200478A35 /* main.c in Sources */ = {isa = PBXBuildFile; fileRef = 14D095BC1659AEC200478A35 /* main.c */; };
		14D095D71659DD2A00478A35 /* SDL.framework in Frameworks */ = {isa = PBXBuildFile; fileRef = 14D095D61659DD2A00478A35 /* SDL.framework */; };
/* End PBXBuildFile section */

/* Begin PBXCopyFilesBuildPhase section */
		14A9B8681659AD2400AC946B /* CopyFiles */ = {
			isa = PBXCopyFilesBuildPhase;
			buildActionMask = 2147483647;
			dstPath = /usr/share/man/man1/;
			dstSubfolderSpec = 0;
			files = (
			);
			runOnlyForDeploymentPostprocessing = 1;
		};
/* End PBXCopyFilesBuildPhase section */

/* Begin PBXFileReference section */
		14A9B86A1659AD2400AC946B /* test */ = {isa = PBXFileReference; explicitFileType = "compiled.mach-o.executable"; includeInIndex = 0; path = test; sourceTree = BUILT_PRODUCTS_DIR; };
		14A9B8791659ADDF00AC946B /* OpenGL.framework */ = {isa = PBXFileReference; lastKnownFileType = wrapper.framework; name = OpenGL.framework; path = System/Library/Frameworks/OpenGL.framework; sourceTree = SDKROOT; };
		14A9B87B1659ADE600AC946B /* GLUT.framework */ = {isa = PBXFileReference; lastKnownFileType = wrapper.framework; name = GLUT.framework; path = System/Library/Frameworks/GLUT.framework; sourceTree = SDKROOT; };
		14D095BC1659AEC200478A35 /* main.c */ = {isa = PBXFileReference; fileEncoding = 4; lastKnownFileType = sourcecode.c.c; path = main.c; sourceTree = SOURCE_ROOT; };
		14D095D61659DD2A00478A35 /* SDL.framework */ = {isa = PBXFileReference; lastKnownFileType = wrapper.framework; name = SDL.framework; path = ../../../../../../../Library/Frameworks/SDL.framework; sourceTree = "<group>"; };
/* End PBXFileReference section */

/* Begin PBXFrameworksBuildPhase section */
		14A9B8671659AD2400AC946B /* Frameworks */ = {
			isa = PBXFrameworksBuildPhase;
			buildActionMask = 2147483647;
			files = (
				14D095D71659DD2A00478A35 /* SDL.framework in Frameworks */,
				14A9B87C1659ADE600AC946B /* GLUT.framework in Frameworks */,
				14A9B87A1659ADDF00AC946B /* OpenGL.framework in Frameworks */,
			);
			runOnlyForDeploymentPostprocessing = 0;
		};
/* End PBXFrameworksBuildPhase section */

/* Begin PBXGroup section */
		14A9B85F1659AD2400AC946B = {
			isa = PBXGroup;
			children = (
				14D095D61659DD2A00478A35 /* SDL.framework */,
				14A9B87B1659ADE600AC946B /* GLUT.framework */,
				14A9B8791659ADDF00AC946B /* OpenGL.framework */,
				14A9B86D1659AD2400AC946B /* test */,
				14A9B86B1659AD2400AC946B /* Products */,
			);
			sourceTree = "<group>";
		};
		14A9B86B1659AD2400AC946B /* Products */ = {
			isa = PBXGroup;
			children = (
				14A9B86A1659AD2400AC946B /* test */,
			);
			name = Products;
			sourceTree = "<group>";
		};
		14A9B86D1659AD2400AC946B /* test */ = {
			isa = PBXGroup;
			children = (
				14D095BC1659AEC200478A35 /* main.c */,
			);
			path = test;
			sourceTree = "<group>";
		};
/* End PBXGroup section */

/* Begin PBXNativeTarget section */
		14A9B8691659AD2400AC946B /* test */ = {
			isa = PBXNativeTarget;
			buildConfigurationList = 14A9B8741659AD2400AC946B /* Build configuration list for PBXNativeTarget "test" */;
			buildPhases = (
				14A9B8661659AD2400AC946B /* Sources */,
				14A9B8671659AD2400AC946B /* Frameworks */,
				14A9B8681659AD2400AC946B /* CopyFiles */,
			);
			buildRules = (
			);
			dependencies = (
			);
			name = test;
			productName = test;
			productReference = 14A9B86A1659AD2400AC946B /* test */;
			productType = "com.apple.product-type.tool";
		};
/* End PBXNativeTarget section */

/* Begin PBXProject section */
		14A9B8611659AD2400AC946B /* Project object */ = {
			isa = PBXProject;
			attributes = {
				LastUpgradeCheck = 0420;
				ORGANIZATIONNAME = "California State Long Beach";
			};
			buildConfigurationList = 14A9B8641659AD2400AC946B /* Build configuration list for PBXProject "test" */;
			compatibilityVersion = "Xcode 3.2";
			developmentRegion = English;
			hasScannedForEncodings = 0;
			knownRegions = (
				en,
			);
			mainGroup = 14A9B85F1659AD2400AC946B;
			productRefGroup = 14A9B86B1659AD2400AC946B /* Products */;
			projectDirPath = "";
			projectRoot = "";
			targets = (
				14A9B8691659AD2400AC946B /* test */,
			);
		};
/* End PBXProject section */

/* Begin PBXSourcesBuildPhase section */
		14A9B8661659AD2400AC946B /* Sources */ = {
			isa = PBXSourcesBuildPhase;
			buildActionMask = 2147483647;
			files = (
				14D095BD1659AEC200478A35 /* main.c in Sources */,
			);
			runOnlyForDeploymentPostprocessing = 0;
		};
/* End PBXSourcesBuildPhase section */

/* Begin XCBuildConfiguration section */
		14A9B8721659AD2400AC946B /* Debug */ = {
			isa = XCBuildConfiguration;
			buildSettings = {
				ALWAYS_SEARCH_USER_PATHS = NO;
				ARCHS = "$(ARCHS_STANDARD_64_BIT)";
				CLANG_ENABLE_OBJC_ARC = YES;
				COPY_PHASE_STRIP = NO;
				GCC_C_LANGUAGE_STANDARD = gnu99;
				GCC_DYNAMIC_NO_PIC = NO;
				GCC_ENABLE_OBJC_EXCEPTIONS = YES;
				GCC_OPTIMIZATION_LEVEL = 0;
				GCC_PREPROCESSOR_DEFINITIONS = (
					"DEBUG=1",
					"$(inherited)",
				);
				GCC_SYMBOLS_PRIVATE_EXTERN = NO;
				GCC_VERSION = com.apple.compilers.llvm.clang.1_0;
				GCC_WARN_64_TO_32_BIT_CONVERSION = YES;
				GCC_WARN_ABOUT_MISSING_PROTOTYPES = YES;
				GCC_WARN_ABOUT_RETURN_TYPE = YES;
				GCC_WARN_UNUSED_VARIABLE = YES;
				MACOSX_DEPLOYMENT_TARGET = 10.7;
				ONLY_ACTIVE_ARCH = YES;
				SDKROOT = macosx;
			};
			name = Debug;
		};
		14A9B8731659AD2400AC946B /* Release */ = {
			isa = XCBuildConfiguration;
			buildSettings = {
				ALWAYS_SEARCH_USER_PATHS = NO;
				ARCHS = "$(ARCHS_STANDARD_64_BIT)";
				CLANG_ENABLE_OBJC_ARC = YES;
				COPY_PHASE_STRIP = YES;
				DEBUG_INFORMATION_FORMAT = "dwarf-with-dsym";
				GCC_C_LANGUAGE_STANDARD = gnu99;
				GCC_ENABLE_OBJC_EXCEPTIONS = YES;
				GCC_VERSION = com.apple.compilers.llvm.clang.1_0;
				GCC_WARN_64_TO_32_BIT_CONVERSION = YES;
				GCC_WARN_ABOUT_MISSING_PROTOTYPES = YES;
				GCC_WARN_ABOUT_RETURN_TYPE = YES;
				GCC_WARN_UNUSED_VARIABLE = YES;
				MACOSX_DEPLOYMENT_TARGET = 10.7;
				SDKROOT = macosx;
			};
			name = Release;
		};
		14A9B8751659AD2400AC946B /* Debug */ = {
			isa = XCBuildConfiguration;
			buildSettings = {
				PRODUCT_NAME = "$(TARGET_NAME)";
			};
			name = Debug;
		};
		14A9B8761659AD2400AC946B /* Release */ = {
			isa = XCBuildConfiguration;
			buildSettings = {
				PRODUCT_NAME = "$(TARGET_NAME)";
			};
			name = Release;
		};
/* End XCBuildConfiguration section */

/* Begin XCConfigurationList section */
		14A9B8641659AD2400AC946B /* Build configuration list for PBXProject "test" */ = {
			isa = XCConfigurationList;
			buildConfigurations = (
				14A9B8721659AD2400AC946B /* Debug */,
				14A9B8731659AD2400AC946B /* Release */,
			);
			defaultConfigurationIsVisible = 0;
			defaultConfigurationName = Release;
		};
		14A9B8741659AD2400AC946B /* Build configuration list for PBXNativeTarget "test" */ = {
			isa = XCConfigurationList;
			buildConfigurations = (
				14A9B8751659AD2400AC946B /* Debug */,
				14A9B8761659AD2400AC946B /* Release */,
			);
			defaultConfigurationIsVisible = 0;
			defaultConfigurationName = Release;
		};
/* End XCConfigurationList section */
	};
	rootObject = 14A9B8611659AD2400AC946B /* Project object */;
}
