// !$*UTF8*$!
{
	archiveVersion = 1;
	classes = {
	};
	objectVersion = 46;
	objects = {

/* Begin PBXBuildFile section */
		14D095CE1659DCAD00478A35 /* main.c in Sources */ = {isa = PBXBuildFile; fileRef = 14D095CD1659DCAD00478A35 /* main.c */; };
		14D095D01659DCAD00478A35 /* tester.1 in CopyFiles */ = {isa = PBXBuildFile; fileRef = 14D095CF1659DCAD00478A35 /* tester.1 */; };
/* End PBXBuildFile section */

/* Begin PBXCopyFilesBuildPhase section */
		14D095C71659DCAD00478A35 /* CopyFiles */ = {
			isa = PBXCopyFilesBuildPhase;
			buildActionMask = 2147483647;
			dstPath = /usr/share/man/man1/;
			dstSubfolderSpec = 0;
			files = (
				14D095D01659DCAD00478A35 /* tester.1 in CopyFiles */,
			);
			runOnlyForDeploymentPostprocessing = 1;
		};
/* End PBXCopyFilesBuildPhase section */

/* Begin PBXFileReference section */
		14D095C91659DCAD00478A35 /* tester */ = {isa = PBXFileReference; explicitFileType = "compiled.mach-o.executable"; includeInIndex = 0; path = tester; sourceTree = BUILT_PRODUCTS_DIR; };
		14D095CD1659DCAD00478A35 /* main.c */ = {isa = PBXFileReference; lastKnownFileType = sourcecode.c.c; path = main.c; sourceTree = "<group>"; };
		14D095CF1659DCAD00478A35 /* tester.1 */ = {isa = PBXFileReference; lastKnownFileType = text.man; path = tester.1; sourceTree = "<group>"; };
/* End PBXFileReference section */

/* Begin PBXFrameworksBuildPhase section */
		14D095C61659DCAD00478A35 /* Frameworks */ = {
			isa = PBXFrameworksBuildPhase;
			buildActionMask = 2147483647;
			files = (
			);
			runOnlyForDeploymentPostprocessing = 0;
		};
/* End PBXFrameworksBuildPhase section */

/* Begin PBXGroup section */
		14D095BE1659DCAD00478A35 = {
			isa = PBXGroup;
			children = (
				14D095CC1659DCAD00478A35 /* tester */,
				14D095CA1659DCAD00478A35 /* Products */,
			);
			sourceTree = "<group>";
		};
		14D095CA1659DCAD00478A35 /* Products */ = {
			isa = PBXGroup;
			children = (
				14D095C91659DCAD00478A35 /* tester */,
			);
			name = Products;
			sourceTree = "<group>";
		};
		14D095CC1659DCAD00478A35 /* tester */ = {
			isa = PBXGroup;
			children = (
				14D095CD1659DCAD00478A35 /* main.c */,
				14D095CF1659DCAD00478A35 /* tester.1 */,
			);
			path = tester;
			sourceTree = "<group>";
		};
/* End PBXGroup section */

/* Begin PBXNativeTarget section */
		14D095C81659DCAD00478A35 /* tester */ = {
			isa = PBXNativeTarget;
			buildConfigurationList = 14D095D31659DCAD00478A35 /* Build configuration list for PBXNativeTarget "tester" */;
			buildPhases = (
				14D095C51659DCAD00478A35 /* Sources */,
				14D095C61659DCAD00478A35 /* Frameworks */,
				14D095C71659DCAD00478A35 /* CopyFiles */,
			);
			buildRules = (
			);
			dependencies = (
			);
			name = tester;
			productName = tester;
			productReference = 14D095C91659DCAD00478A35 /* tester */;
			productType = "com.apple.product-type.tool";
		};
/* End PBXNativeTarget section */

/* Begin PBXProject section */
		14D095C01659DCAD00478A35 /* Project object */ = {
			isa = PBXProject;
			attributes = {
				LastUpgradeCheck = 0420;
				ORGANIZATIONNAME = "California State Long Beach";
			};
			buildConfigurationList = 14D095C31659DCAD00478A35 /* Build configuration list for PBXProject "tester" */;
			compatibilityVersion = "Xcode 3.2";
			developmentRegion = English;
			hasScannedForEncodings = 0;
			knownRegions = (
				en,
			);
			mainGroup = 14D095BE1659DCAD00478A35;
			productRefGroup = 14D095CA1659DCAD00478A35 /* Products */;
			projectDirPath = "";
			projectRoot = "";
			targets = (
				14D095C81659DCAD00478A35 /* tester */,
			);
		};
/* End PBXProject section */

/* Begin PBXSourcesBuildPhase section */
		14D095C51659DCAD00478A35 /* Sources */ = {
			isa = PBXSourcesBuildPhase;
			buildActionMask = 2147483647;
			files = (
				14D095CE1659DCAD00478A35 /* main.c in Sources */,
			);
			runOnlyForDeploymentPostprocessing = 0;
		};
/* End PBXSourcesBuildPhase section */

/* Begin XCBuildConfiguration section */
		14D095D11659DCAD00478A35 /* Debug */ = {
			isa = XCBuildConfiguration;
			buildSettings = {
				ALWAYS_SEARCH_USER_PATHS = NO;
				ARCHS = "$(ARCHS_STANDARD_64_BIT)";
				CLANG_ENABLE_OBJC_ARC = YES;
				COPY_PHASE_STRIP = NO;
				GCC_C_LANGUAGE_STANDARD = gnu99;
				GCC_DYNAMIC_NO_PIC = NO;
				GCC_ENABLE_OBJC_EXCEPTIONS = YES;
				GCC_OPTIMIZATION_LEVEL = 0;
				GCC_PREPROCESSOR_DEFINITIONS = (
					"DEBUG=1",
					"$(inherited)",
				);
				GCC_SYMBOLS_PRIVATE_EXTERN = NO;
				GCC_VERSION = com.apple.compilers.llvm.clang.1_0;
				GCC_WARN_64_TO_32_BIT_CONVERSION = YES;
				GCC_WARN_ABOUT_MISSING_PROTOTYPES = YES;
				GCC_WARN_ABOUT_RETURN_TYPE = YES;
				GCC_WARN_UNUSED_VARIABLE = YES;
				MACOSX_DEPLOYMENT_TARGET = 10.7;
				ONLY_ACTIVE_ARCH = YES;
				SDKROOT = macosx;
			};
			name = Debug;
		};
		14D095D21659DCAD00478A35 /* Release */ = {
			isa = XCBuildConfiguration;
			buildSettings = {
				ALWAYS_SEARCH_USER_PATHS = NO;
				ARCHS = "$(ARCHS_STANDARD_64_BIT)";
				CLANG_ENABLE_OBJC_ARC = YES;
				COPY_PHASE_STRIP = YES;
				DEBUG_INFORMATION_FORMAT = "dwarf-with-dsym";
				GCC_C_LANGUAGE_STANDARD = gnu99;
				GCC_ENABLE_OBJC_EXCEPTIONS = YES;
				GCC_VERSION = com.apple.compilers.llvm.clang.1_0;
				GCC_WARN_64_TO_32_BIT_CONVERSION = YES;
				GCC_WARN_ABOUT_MISSING_PROTOTYPES = YES;
				GCC_WARN_ABOUT_RETURN_TYPE = YES;
				GCC_WARN_UNUSED_VARIABLE = YES;
				MACOSX_DEPLOYMENT_TARGET = 10.7;
				SDKROOT = macosx;
			};
			name = Release;
		};
		14D095D41659DCAD00478A35 /* Debug */ = {
			isa = XCBuildConfiguration;
			buildSettings = {
				PRODUCT_NAME = "$(TARGET_NAME)";
			};
			name = Debug;
		};
		14D095D51659DCAD00478A35 /* Release */ = {
			isa = XCBuildConfiguration;
			buildSettings = {
				PRODUCT_NAME = "$(TARGET_NAME)";
			};
			name = Release;
		};
/* End XCBuildConfiguration section */

/* Begin XCConfigurationList section */
		14D095C31659DCAD00478A35 /* Build configuration list for PBXProject "tester" */ = {
			isa = XCConfigurationList;
			buildConfigurations = (
				14D095D11659DCAD00478A35 /* Debug */,
				14D095D21659DCAD00478A35 /* Release */,
			);
			defaultConfigurationIsVisible = 0;
			defaultConfigurationName = Release;
		};
		14D095D31659DCAD00478A35 /* Build configuration list for PBXNativeTarget "tester" */ = {
			isa = XCConfigurationList;
			buildConfigurations = (
				14D095D41659DCAD00478A35 /* Debug */,
				14D095D51659DCAD00478A35 /* Release */,
			);
			defaultConfigurationIsVisible = 0;
		};
/* End XCConfigurationList section */
	};
	rootObject = 14D095C01659DCAD00478A35 /* Project object */;
}
